
Microsoft Visual Studio Solution File, Format Version 12.00
# Visual Studio Version 16
VisualStudioVersion = 16.0.33920.266
MinimumVisualStudioVersion = 10.0.40219.1
Project("{FAE04EC0-301F-11D3-BF4B-00C04F79EFBC}") = "WPFHelloworld", "WPFHelloworld.csproj", "{75E64CF8-C252-429C-ACBB-1D53451A4242}"
EndProject
Project("{FAE04EC0-301F-11D3-BF4B-00C04F79EFBC}") = "ConsoleHelloworld", "..\helloworld\ConsoleHelloworld.csproj", "{3DCC724B-146E-4EAF-A44D-6327171BC077}"
EndProject
Project("{FAE04EC0-301F-11D3-BF4B-00C04F79EFBC}") = "WindowsFormsHelloworld(old)", "..\WindowsFormsHelloworld\WindowsFormsHelloworld(old).csproj", "{EBDB7205-19EF-4D15-BA99-E91B62B89153}"
EndProject
Project("{FAE04EC0-301F-11D3-BF4B-00C04F79EFBC}") = "ClassAndNamespace", "..\ClassAndNamespace\ClassAndNamespace.csproj", "{D4E4D7E7-80CE-4D45-8111-DCE813B32B4F}"
EndProject
Project("{FAE04EC0-301F-11D3-BF4B-00C04F79EFBC}") = "CalculatorClassLib", "..\CalculatorClassLib\CalculatorClassLib.csproj", "{693EDB57-847B-46D1-AA47-182F95A2F075}"
EndProject
Global
	GlobalSection(SolutionConfigurationPlatforms) = preSolution
		Debug|Any CPU = Debug|Any CPU
		Release|Any CPU = Release|Any CPU
	EndGlobalSection
	GlobalSection(ProjectConfigurationPlatforms) = postSolution
		{75E64CF8-C252-429C-ACBB-1D53451A4242}.Debug|Any CPU.ActiveCfg = Debug|Any CPU
		{75E64CF8-C252-429C-ACBB-1D53451A4242}.Debug|Any CPU.Build.0 = Debug|Any CPU
		{75E64CF8-C252-429C-ACBB-1D53451A4242}.Release|Any CPU.ActiveCfg = Release|Any CPU
		{75E64CF8-C252-429C-ACBB-1D53451A4242}.Release|Any CPU.Build.0 = Release|Any CPU
		{3DCC724B-146E-4EAF-A44D-6327171BC077}.Debug|Any CPU.ActiveCfg = Debug|Any CPU
		{3DCC724B-146E-4EAF-A44D-6327171BC077}.Debug|Any CPU.Build.0 = Debug|Any CPU
		{3DCC724B-146E-4EAF-A44D-6327171BC077}.Release|Any CPU.ActiveCfg = Release|Any CPU
		{3DCC724B-146E-4EAF-A44D-6327171BC077}.Release|Any CPU.Build.0 = Release|Any CPU
		{EBDB7205-19EF-4D15-BA99-E91B62B89153}.Debug|Any CPU.ActiveCfg = Debug|Any CPU
		{EBDB7205-19EF-4D15-BA99-E91B62B89153}.Debug|Any CPU.Build.0 = Debug|Any CPU
		{EBDB7205-19EF-4D15-BA99-E91B62B89153}.Release|Any CPU.ActiveCfg = Release|Any CPU
		{EBDB7205-19EF-4D15-BA99-E91B62B89153}.Release|Any CPU.Build.0 = Release|Any CPU
		{D4E4D7E7-80CE-4D45-8111-DCE813B32B4F}.Debug|Any CPU.ActiveCfg = Debug|Any CPU
		{D4E4D7E7-80CE-4D45-8111-DCE813B32B4F}.Debug|Any CPU.Build.0 = Debug|Any CPU
		{D4E4D7E7-80CE-4D45-8111-DCE813B32B4F}.Release|Any CPU.ActiveCfg = Release|Any CPU
		{D4E4D7E7-80CE-4D45-8111-DCE813B32B4F}.Release|Any CPU.Build.0 = Release|Any CPU
		{693EDB57-847B-46D1-AA47-182F95A2F075}.Debug|Any CPU.ActiveCfg = Debug|Any CPU
		{693EDB57-847B-46D1-AA47-182F95A2F075}.Debug|Any CPU.Build.0 = Debug|Any CPU
		{693EDB57-847B-46D1-AA47-182F95A2F075}.Release|Any CPU.ActiveCfg = Release|Any CPU
		{693EDB57-847B-46D1-AA47-182F95A2F075}.Release|Any CPU.Build.0 = Release|Any CPU
	EndGlobalSection
	GlobalSection(SolutionProperties) = preSolution
		HideSolutionNode = FALSE
	EndGlobalSection
	GlobalSection(ExtensibilityGlobals) = postSolution
		SolutionGuid = {2EDA8FA5-E5B9-4B74-BF4C-DA28E8106B57}
	EndGlobalSection
EndGlobal
